{
  "version": "5",
  "redirects": {
    "https://esm.sh/@supabase/supabase-js@2": "https://esm.sh/@supabase/supabase-js@2.98.0",
    "https://esm.sh/stripe@14?target=denonext": "https://esm.sh/stripe@14.25.0?target=denonext"
  },
  "remote": {
    "https://esm.sh/@supabase/supabase-js@2.98.0": "7c91584aa8d7c3b272be04122a907e00a7028a20d0eaf5e40b2eb1eed10f06b3",
    "https://esm.sh/stripe@14.25.0?target=denonext": "5c144d95e39f91ac9633debba114dc7260c0e312d70d7d89a8f90bf95ae65595"
  }
}
